# @generated - this file is auto-generated by `mise lock` https://mise.jdx.dev/dev-tools/mise-lock.html

lockfile_version = 2

[[tools.bun]]
version = "1.4.2"
backend = "core:bun"
specifiers = ["1.4.2"]

[tools.bun."platforms.linux-arm64"]
checksum = "sha256:54328bbc2d9c8e0c9f892c544d66c57a83b84139e34909e5ee81758f1ac8fda7"
url = "https://github.com/oven-sh/bun/releases/download/bun-v1.4.2/bun-linux-aarch64.zip"

[tools.bun."platforms.linux-arm64-musl"]
checksum = "sha256:71760b6c8ea30623b81a4907cb815d48e2ea266f2e73e751534a44a0607950df"
url = "https://github.com/oven-sh/bun/releases/download/bun-v1.4.2/bun-linux-aarch64-musl.zip"

[tools.bun."platforms.linux-x64"]
checksum = "sha256:36368faef7527875d5ffa52e53cd48021741f2a83eb6208a8dd64068d422a913"
url = "https://github.com/oven-sh/bun/releases/download/bun-v1.4.2/bun-linux-x64.zip"

[tools.bun."platforms.linux-x64-baseline"]
checksum = "sha256:c678040f14fe0440eb839d37cbd0ce4c051a32da72806ac97de6a6aab6bf728f"
url = "https://github.com/oven-sh/bun/releases/download/bun-v1.4.2/bun-linux-x64-baseline.zip"

[tools.bun."platforms.linux-x64-musl"]
checksum = "sha256:4835eca59d6da70f4674f5642f6e459dcadab773695b2ed9922d131057989742"
url = "https://github.com/oven-sh/bun/releases/download/bun-v1.4.2/bun-linux-x64-musl.zip"

[tools.bun."platforms.linux-x64-musl-baseline"]
checksum = "sha256:76e1db84e98f22f78de0a87e309bfbbf297732847f9720db36750646c85c8c18"
url = "https://github.com/oven-sh/bun/releases/download/bun-v1.4.2/bun-linux-x64-musl-baseline.zip"

[tools.bun."platforms.macos-arm64"]
checksum = "sha256:90987a3a16d7db556d886ac3d551e7b6d3edf0a1cf43acaed622e8676be1d12f"
url = "https://github.com/oven-sh/bun/releases/download/bun-v1.4.2/bun-darwin-aarch64.zip"

[tools.bun."platforms.macos-x64"]
checksum = "sha256:80520d7e17526308c9185d261679ac6d27798d3803a0e9f7ff9121ab8affb012"
url = "https://github.com/oven-sh/bun/releases/download/bun-v1.4.2/bun-darwin-x64.zip"

[tools.bun."platforms.macos-x64-baseline"]
checksum = "sha256:bad5bbd6cf14d0980d115f5954c9ff904df619d5e994d2da1ffccd3f316300b0"
url = "https://github.com/oven-sh/bun/releases/download/bun-v1.4.2/bun-darwin-x64-baseline.zip"

[tools.bun."platforms.windows-x64"]
checksum = "sha256:ce4c17497b2f29712a99d3d53f028de28cd42e3bacb8589599e7f000e49b6405"
url = "https://github.com/oven-sh/bun/releases/download/bun-v1.4.2/bun-windows-x64.zip"

[tools.bun."platforms.windows-x64-baseline"]
checksum = "sha256:78c221c2376f79731ccf4e4af0b3bb46d81fefa3296c5abee09ad8a1b21e68c6"
url = "https://github.com/oven-sh/bun/releases/download/bun-v1.4.2/bun-windows-x64-baseline.zip"

[[tools.git-lfs]]
version = "3.8.0"
backend = "aqua:git-lfs/git-lfs"
specifiers = ["3.8.0"]

[tools.git-lfs."platforms.linux-arm64"]
checksum = "sha256:ac9c8efac980bb0505ead384d087e2acb6486fd8498691a2165fa174ec6118c2"
url = "https://github.com/git-lfs/git-lfs/releases/download/v3.8.0/git-lfs-linux-arm64-v3.8.0.tar.gz"
url_api = "https://api.github.com/repos/git-lfs/git-lfs/releases/assets/532993825"

[tools.git-lfs."platforms.linux-arm64-musl"]
checksum = "sha256:ac9c8efac980bb0505ead384d087e2acb6486fd8498691a2165fa174ec6118c2"
url = "https://github.com/git-lfs/git-lfs/releases/download/v3.8.0/git-lfs-linux-arm64-v3.8.0.tar.gz"
url_api = "https://api.github.com/repos/git-lfs/git-lfs/releases/assets/532993825"

[tools.git-lfs."platforms.linux-x64"]
checksum = "sha256:e455e00f15d9b95661b8d53498ffb0c3367962cf1ec73c31ab7369516cd6ab8d"
url = "https://github.com/git-lfs/git-lfs/releases/download/v3.8.0/git-lfs-linux-amd64-v3.8.0.tar.gz"
url_api = "https://api.github.com/repos/git-lfs/git-lfs/releases/assets/532993734"

[tools.git-lfs."platforms.linux-x64-baseline"]
checksum = "sha256:e455e00f15d9b95661b8d53498ffb0c3367962cf1ec73c31ab7369516cd6ab8d"
url = "https://github.com/git-lfs/git-lfs/releases/download/v3.8.0/git-lfs-linux-amd64-v3.8.0.tar.gz"
url_api = "https://api.github.com/repos/git-lfs/git-lfs/releases/assets/532993734"

[tools.git-lfs."platforms.linux-x64-musl"]
checksum = "sha256:e455e00f15d9b95661b8d53498ffb0c3367962cf1ec73c31ab7369516cd6ab8d"
url = "https://github.com/git-lfs/git-lfs/releases/download/v3.8.0/git-lfs-linux-amd64-v3.8.0.tar.gz"
url_api = "https://api.github.com/repos/git-lfs/git-lfs/releases/assets/532993734"

[tools.git-lfs."platforms.linux-x64-musl-baseline"]
checksum = "sha256:e455e00f15d9b95661b8d53498ffb0c3367962cf1ec73c31ab7369516cd6ab8d"
url = "https://github.com/git-lfs/git-lfs/releases/download/v3.8.0/git-lfs-linux-amd64-v3.8.0.tar.gz"
url_api = "https://api.github.com/repos/git-lfs/git-lfs/releases/assets/532993734"

[tools.git-lfs."platforms.macos-arm64"]
checksum = "sha256:caff76a7d070d8160c89bc39b6e85d98f24135b6fed038a3b4de2590d25102d8"
url = "https://github.com/git-lfs/git-lfs/releases/download/v3.8.0/git-lfs-darwin-arm64-v3.8.0.zip"
url_api = "https://api.github.com/repos/git-lfs/git-lfs/releases/assets/532993595"

[tools.git-lfs."platforms.macos-x64"]
checksum = "sha256:f1c17aeca0b4eaab9ea606226477dbed3b84b56fe0811a9f967d2ea2b2393c53"
url = "https://github.com/git-lfs/git-lfs/releases/download/v3.8.0/git-lfs-darwin-amd64-v3.8.0.zip"
url_api = "https://api.github.com/repos/git-lfs/git-lfs/releases/assets/532993568"

[tools.git-lfs."platforms.macos-x64-baseline"]
checksum = "sha256:f1c17aeca0b4eaab9ea606226477dbed3b84b56fe0811a9f967d2ea2b2393c53"
url = "https://github.com/git-lfs/git-lfs/releases/download/v3.8.0/git-lfs-darwin-amd64-v3.8.0.zip"
url_api = "https://api.github.com/repos/git-lfs/git-lfs/releases/assets/532993568"

[tools.git-lfs."platforms.windows-x64"]
checksum = "sha256:b62e7b8ceddee635f691233d77de8eaa4b213e9209e0173811d8cfa77f7882c1"
url = "https://github.com/git-lfs/git-lfs/releases/download/v3.8.0/git-lfs-windows-amd64-v3.8.0.zip"
url_api = "https://api.github.com/repos/git-lfs/git-lfs/releases/assets/532993969"

[tools.git-lfs."platforms.windows-x64-baseline"]
checksum = "sha256:b62e7b8ceddee635f691233d77de8eaa4b213e9209e0173811d8cfa77f7882c1"
url = "https://github.com/git-lfs/git-lfs/releases/download/v3.8.0/git-lfs-windows-amd64-v3.8.0.zip"
url_api = "https://api.github.com/repos/git-lfs/git-lfs/releases/assets/532993969"

[[tools.go]]
version = "1.27.1"
backend = "core:go"
specifiers = ["1.27.1"]

[tools.go."platforms.linux-arm64"]
checksum = "sha256:3450b45a3f9ee8568792736a5c5e70a1f2e9b36c35a8f74958c03e51d7d92bec"
url = "https://dl.google.com/go/go1.27.1.linux-arm64.tar.gz"

[tools.go."platforms.linux-arm64-musl"]
checksum = "sha256:3450b45a3f9ee8568792736a5c5e70a1f2e9b36c35a8f74958c03e51d7d92bec"
url = "https://dl.google.com/go/go1.27.1.linux-arm64.tar.gz"

[tools.go."platforms.linux-x64"]
checksum = "sha256:63d339f0da5ab53635a56f2490a7984dfe12dfcff22ad749f63edaf590168445"
url = "https://dl.google.com/go/go1.27.1.linux-amd64.tar.gz"

[tools.go."platforms.linux-x64-baseline"]
checksum = "sha256:63d339f0da5ab53635a56f2490a7984dfe12dfcff22ad749f63edaf590168445"
url = "https://dl.google.com/go/go1.27.1.linux-amd64.tar.gz"

[tools.go."platforms.linux-x64-musl"]
checksum = "sha256:63d339f0da5ab53635a56f2490a7984dfe12dfcff22ad749f63edaf590168445"
url = "https://dl.google.com/go/go1.27.1.linux-amd64.tar.gz"

[tools.go."platforms.linux-x64-musl-baseline"]
checksum = "sha256:63d339f0da5ab53635a56f2490a7984dfe12dfcff22ad749f63edaf590168445"
url = "https://dl.google.com/go/go1.27.1.linux-amd64.tar.gz"

[tools.go."platforms.macos-arm64"]
checksum = "sha256:ee215d57e0ec269c60cc9ceca68e6bda321ba9ee5afe24f4b0988703c2d87d12"
url = "https://dl.google.com/go/go1.27.1.darwin-arm64.tar.gz"

[tools.go."platforms.macos-x64"]
checksum = "sha256:8f8f52c6649542cf027bbc9b9c68d1ec042f9f34808a40413f0b8b3f66f3caa4"
url = "https://dl.google.com/go/go1.27.1.darwin-amd64.tar.gz"

[tools.go."platforms.macos-x64-baseline"]
checksum = "sha256:8f8f52c6649542cf027bbc9b9c68d1ec042f9f34808a40413f0b8b3f66f3caa4"
url = "https://dl.google.com/go/go1.27.1.darwin-amd64.tar.gz"

[tools.go."platforms.windows-x64"]
checksum = "sha256:a3911b5e0e1b1053f25ed0675f4c1c6aad1e2bfcf253df2b9be4caabd2edd95d"
url = "https://dl.google.com/go/go1.27.1.windows-amd64.zip"

[tools.go."platforms.windows-x64-baseline"]
checksum = "sha256:a3911b5e0e1b1053f25ed0675f4c1c6aad1e2bfcf253df2b9be4caabd2edd95d"
url = "https://dl.google.com/go/go1.27.1.windows-amd64.zip"

[[tools.golangci-lint]]
version = "2.14.0"
backend = "aqua:golangci/golangci-lint"
specifiers = ["2.14.0"]

[tools.golangci-lint."platforms.linux-arm64"]
checksum = "sha256:ee7ec5f3453d15ddf106fae5a4d6c71737712348a979d1fe9cd52ec7ea299bae"
url = "https://github.com/golangci/golangci-lint/releases/download/v2.14.0/golangci-lint-2.14.0-linux-arm64.tar.gz"
url_api = "https://api.github.com/repos/golangci/golangci-lint/releases/assets/585813674"
provenance = "github-attestations"

[tools.golangci-lint."platforms.linux-arm64-musl"]
checksum = "sha256:ee7ec5f3453d15ddf106fae5a4d6c71737712348a979d1fe9cd52ec7ea299bae"
url = "https://github.com/golangci/golangci-lint/releases/download/v2.14.0/golangci-lint-2.14.0-linux-arm64.tar.gz"
url_api = "https://api.github.com/repos/golangci/golangci-lint/releases/assets/585813674"
provenance = "github-attestations"

[tools.golangci-lint."platforms.linux-x64"]
checksum = "sha256:ab90aeb7b066f92a33415b638a50fe5344bbb75a0d32ad30cc248d88f81032ab"
url = "https://github.com/golangci/golangci-lint/releases/download/v2.14.0/golangci-lint-2.14.0-linux-amd64.tar.gz"
url_api = "https://api.github.com/repos/golangci/golangci-lint/releases/assets/585813815"
provenance = "github-attestations"

[tools.golangci-lint."platforms.linux-x64-baseline"]
checksum = "sha256:ab90aeb7b066f92a33415b638a50fe5344bbb75a0d32ad30cc248d88f81032ab"
url = "https://github.com/golangci/golangci-lint/releases/download/v2.14.0/golangci-lint-2.14.0-linux-amd64.tar.gz"
url_api = "https://api.github.com/repos/golangci/golangci-lint/releases/assets/585813815"
provenance = "github-attestations"

[tools.golangci-lint."platforms.linux-x64-musl"]
checksum = "sha256:ab90aeb7b066f92a33415b638a50fe5344bbb75a0d32ad30cc248d88f81032ab"
url = "https://github.com/golangci/golangci-lint/releases/download/v2.14.0/golangci-lint-2.14.0-linux-amd64.tar.gz"
url_api = "https://api.github.com/repos/golangci/golangci-lint/releases/assets/585813815"
provenance = "github-attestations"

[tools.golangci-lint."platforms.linux-x64-musl-baseline"]
checksum = "sha256:ab90aeb7b066f92a33415b638a50fe5344bbb75a0d32ad30cc248d88f81032ab"
url = "https://github.com/golangci/golangci-lint/releases/download/v2.14.0/golangci-lint-2.14.0-linux-amd64.tar.gz"
url_api = "https://api.github.com/repos/golangci/golangci-lint/releases/assets/585813815"
provenance = "github-attestations"

[tools.golangci-lint."platforms.macos-arm64"]
checksum = "sha256:5ef5f36a7147e91dc58ef9ef4d11bb7bad5ead0c76eb6c01327a73c641d1dcc3"
url = "https://github.com/golangci/golangci-lint/releases/download/v2.14.0/golangci-lint-2.14.0-darwin-arm64.tar.gz"
url_api = "https://api.github.com/repos/golangci/golangci-lint/releases/assets/585813591"
provenance = "github-attestations"

[tools.golangci-lint."platforms.macos-x64"]
checksum = "sha256:a5667c1c3536be1740133213e1e822bfb8f0d98ea12903174d6d5f635e4ed68d"
url = "https://github.com/golangci/golangci-lint/releases/download/v2.14.0/golangci-lint-2.14.0-darwin-amd64.tar.gz"
url_api = "https://api.github.com/repos/golangci/golangci-lint/releases/assets/585813755"
provenance = "github-attestations"

[tools.golangci-lint."platforms.macos-x64-baseline"]
checksum = "sha256:a5667c1c3536be1740133213e1e822bfb8f0d98ea12903174d6d5f635e4ed68d"
url = "https://github.com/golangci/golangci-lint/releases/download/v2.14.0/golangci-lint-2.14.0-darwin-amd64.tar.gz"
url_api = "https://api.github.com/repos/golangci/golangci-lint/releases/assets/585813755"
provenance = "github-attestations"

[tools.golangci-lint."platforms.windows-x64"]
checksum = "sha256:b15f903d1649283a2ab6e8d2f0c317eaf1f9f6b3763950e7e8b7e72a43dd724f"
url = "https://github.com/golangci/golangci-lint/releases/download/v2.14.0/golangci-lint-2.14.0-windows-amd64.zip"
url_api = "https://api.github.com/repos/golangci/golangci-lint/releases/assets/585813793"
provenance = "github-attestations"

[tools.golangci-lint."platforms.windows-x64-baseline"]
checksum = "sha256:b15f903d1649283a2ab6e8d2f0c317eaf1f9f6b3763950e7e8b7e72a43dd724f"
url = "https://github.com/golangci/golangci-lint/releases/download/v2.14.0/golangci-lint-2.14.0-windows-amd64.zip"
url_api = "https://api.github.com/repos/golangci/golangci-lint/releases/assets/585813793"
provenance = "github-attestations"

[[tools.sqlc]]
version = "1.31.1"
backend = "aqua:sqlc-dev/sqlc"
specifiers = ["1.31.1"]

[tools.sqlc."platforms.linux-arm64"]
url = "https://downloads.sqlc.dev/sqlc_1.31.1_linux_arm64.tar.gz"

[tools.sqlc."platforms.linux-arm64-musl"]
url = "https://downloads.sqlc.dev/sqlc_1.31.1_linux_arm64.tar.gz"

[tools.sqlc."platforms.linux-x64"]
url = "https://downloads.sqlc.dev/sqlc_1.31.1_linux_amd64.tar.gz"

[tools.sqlc."platforms.linux-x64-baseline"]
url = "https://downloads.sqlc.dev/sqlc_1.31.1_linux_amd64.tar.gz"

[tools.sqlc."platforms.linux-x64-musl"]
url = "https://downloads.sqlc.dev/sqlc_1.31.1_linux_amd64.tar.gz"

[tools.sqlc."platforms.linux-x64-musl-baseline"]
url = "https://downloads.sqlc.dev/sqlc_1.31.1_linux_amd64.tar.gz"

[tools.sqlc."platforms.macos-arm64"]
checksum = "blake3:a4b73d5389eecc7a03e8c821f04ecb25d7481c022f73e12bffa8d79da8e56e83"
url = "https://downloads.sqlc.dev/sqlc_1.31.1_darwin_arm64.tar.gz"

[tools.sqlc."platforms.macos-x64"]
url = "https://downloads.sqlc.dev/sqlc_1.31.1_darwin_amd64.tar.gz"

[tools.sqlc."platforms.macos-x64-baseline"]
url = "https://downloads.sqlc.dev/sqlc_1.31.1_darwin_amd64.tar.gz"

[tools.sqlc."platforms.windows-x64"]
url = "https://downloads.sqlc.dev/sqlc_1.31.1_windows_amd64.tar.gz"

[tools.sqlc."platforms.windows-x64-baseline"]
url = "https://downloads.sqlc.dev/sqlc_1.31.1_windows_amd64.tar.gz"

[[tools.watchexec]]
version = "2.7.4"
backend = "aqua:watchexec/watchexec"
specifiers = ["2.7.4"]

[tools.watchexec."platforms.linux-arm64"]
checksum = "sha256:b649cf89bda51ba060abb9e9765ea585823ee94b9bf2e2ad86081323a13a81c4"
url = "https://github.com/watchexec/watchexec/releases/download/v2.7.4/watchexec-2.7.4-aarch64-unknown-linux-gnu.tar.xz"
url_api = "https://api.github.com/repos/watchexec/watchexec/releases/assets/605904467"

[tools.watchexec."platforms.linux-arm64-musl"]
checksum = "sha256:8596e3082e7116d4438f71f3e8eb1ad25d39dc4fe8560d2b1240af86e0c56df8"
url = "https://github.com/watchexec/watchexec/releases/download/v2.7.4/watchexec-2.7.4-aarch64-unknown-linux-musl.tar.xz"
url_api = "https://api.github.com/repos/watchexec/watchexec/releases/assets/605904476"

[tools.watchexec."platforms.linux-x64"]
checksum = "sha256:6d7e89e8815ac1b4eafb9497ed0a8ada986117fbba460b2f9282e0e160f776dd"
url = "https://github.com/watchexec/watchexec/releases/download/v2.7.4/watchexec-2.7.4-x86_64-unknown-linux-gnu.tar.xz"
url_api = "https://api.github.com/repos/watchexec/watchexec/releases/assets/605904460"

[tools.watchexec."platforms.linux-x64-baseline"]
checksum = "sha256:6d7e89e8815ac1b4eafb9497ed0a8ada986117fbba460b2f9282e0e160f776dd"
url = "https://github.com/watchexec/watchexec/releases/download/v2.7.4/watchexec-2.7.4-x86_64-unknown-linux-gnu.tar.xz"
url_api = "https://api.github.com/repos/watchexec/watchexec/releases/assets/605904460"

[tools.watchexec."platforms.linux-x64-musl"]
checksum = "sha256:00a4be01add74acfaa37978081b331d60f4691f7e39b2028e5301242d61a464b"
url = "https://github.com/watchexec/watchexec/releases/download/v2.7.4/watchexec-2.7.4-x86_64-unknown-linux-musl.tar.xz"
url_api = "https://api.github.com/repos/watchexec/watchexec/releases/assets/605904457"

[tools.watchexec."platforms.linux-x64-musl-baseline"]
checksum = "sha256:00a4be01add74acfaa37978081b331d60f4691f7e39b2028e5301242d61a464b"
url = "https://github.com/watchexec/watchexec/releases/download/v2.7.4/watchexec-2.7.4-x86_64-unknown-linux-musl.tar.xz"
url_api = "https://api.github.com/repos/watchexec/watchexec/releases/assets/605904457"

[tools.watchexec."platforms.macos-arm64"]
checksum = "sha256:1e5052fe1f0690cd04d13d59f2d6bb0b090985d88c7406acadacd1198f58706e"
url = "https://github.com/watchexec/watchexec/releases/download/v2.7.4/watchexec-2.7.4-aarch64-apple-darwin.tar.xz"
url_api = "https://api.github.com/repos/watchexec/watchexec/releases/assets/605904470"

[tools.watchexec."platforms.macos-x64"]
checksum = "sha256:e3016a20879510ea3a585e75d73a5aff8be0648d9e88d71439d515e63da13255"
url = "https://github.com/watchexec/watchexec/releases/download/v2.7.4/watchexec-2.7.4-x86_64-apple-darwin.tar.xz"
url_api = "https://api.github.com/repos/watchexec/watchexec/releases/assets/605904462"

[tools.watchexec."platforms.macos-x64-baseline"]
checksum = "sha256:e3016a20879510ea3a585e75d73a5aff8be0648d9e88d71439d515e63da13255"
url = "https://github.com/watchexec/watchexec/releases/download/v2.7.4/watchexec-2.7.4-x86_64-apple-darwin.tar.xz"
url_api = "https://api.github.com/repos/watchexec/watchexec/releases/assets/605904462"

[tools.watchexec."platforms.windows-x64"]
checksum = "sha256:4f380d9785661d05d188e2c36c221678d2614e9dd8c7d8397e72660596498a6d"
url = "https://github.com/watchexec/watchexec/releases/download/v2.7.4/watchexec-2.7.4-x86_64-pc-windows-msvc.zip"
url_api = "https://api.github.com/repos/watchexec/watchexec/releases/assets/605904498"

[tools.watchexec."platforms.windows-x64-baseline"]
checksum = "sha256:4f380d9785661d05d188e2c36c221678d2614e9dd8c7d8397e72660596498a6d"
url = "https://github.com/watchexec/watchexec/releases/download/v2.7.4/watchexec-2.7.4-x86_64-pc-windows-msvc.zip"
url_api = "https://api.github.com/repos/watchexec/watchexec/releases/assets/605904498"
